
Microsoft Visual Studio Solution File, Format Version 12.00
# Visual Studio Version 16
VisualStudioVersion = 16.0.29209.62
MinimumVisualStudioVersion = 10.0.40219.1
Project("{9A19103F-16F7-4668-BE54-9A1E7A4F7556}") = "Phonebook.API", "Phonebook.API.csproj", "{EA5BBA94-911E-4770-835B-42261B76167E}"
EndProject
Global
	GlobalSection(SolutionConfigurationPlatforms) = preSolution
		Debug|Any CPU = Debug|Any CPU
		Release|Any CPU = Release|Any CPU
	EndGlobalSection
	GlobalSection(ProjectConfigurationPlatforms) = postSolution
		{EA5BBA94-911E-4770-835B-42261B76167E}.Debug|Any CPU.ActiveCfg = Debug|Any CPU
		{EA5BBA94-911E-4770-835B-42261B76167E}.Debug|Any CPU.Build.0 = Debug|Any CPU
		{EA5BBA94-911E-4770-835B-42261B76167E}.Release|Any CPU.ActiveCfg = Release|Any CPU
		{EA5BBA94-911E-4770-835B-42261B76167E}.Release|Any CPU.Build.0 = Release|Any CPU
	EndGlobalSection
	GlobalSection(SolutionProperties) = preSolution
		HideSolutionNode = FALSE
	EndGlobalSection
	GlobalSection(ExtensibilityGlobals) = postSolution
		SolutionGuid = {3F3B8ED1-1216-4746-814C-12AAF16B7FEC}
	EndGlobalSection
EndGlobal
